
Microsoft Visual Studio Solution File, Format Version 12.00
# Visual Studio 14
VisualStudioVersion = 14.0.25420.1
MinimumVisualStudioVersion = 10.0.40219.1
Project("{2150E333-8FDC-42A3-9474-1A3956D46DE8}") = "Solution Items", "Solution Items", "{2AD37B19-6440-42C2-BE75-B6C75F775EE7}"
	ProjectSection(SolutionItems) = preProject
		LICENSE = LICENSE
		README.md = README.md
	EndProjectSection
EndProject
Project("{2150E333-8FDC-42A3-9474-1A3956D46DE8}") = "Deployment", "Deployment", "{CB83658E-517C-4EA8-BC35-B12D672B602C}"
	ProjectSection(SolutionItems) = preProject
		arm.developer.json = arm.developer.json
		AzureFunctionsForSharePointWWWRoot.zip = AzureFunctionsForSharePointWWWRoot.zip
		commands.json = commands.json
		deploy-arm.ps1 = deploy-arm.ps1
		deploy-arm.sh = deploy-arm.sh
		deploy.ps1 = deploy.ps1
		makeConfigJson.ps1 = makeConfigJson.ps1
	EndProjectSection
EndProject
Project("{2150E333-8FDC-42A3-9474-1A3956D46DE8}") = "Documentation", "Documentation", "{801868A8-61FC-41FB-93D3-E11DDB48D5C9}"
EndProject
Project("{FAE04EC0-301F-11D3-BF4B-00C04F79EFBC}") = "APIDocs", "APIDocs\APIDocs.csproj", "{E6A576C8-2B4B-420E-AC07-323B3E0690E4}"
EndProject
Project("{2150E333-8FDC-42A3-9474-1A3956D46DE8}") = "templates", "templates", "{A3066239-B00B-45F6-AE40-23748591B67D}"
	ProjectSection(SolutionItems) = preProject
		arm-parameters.json = arm-parameters.json
		arm-template.json = arm-template.json
		arm.sample.json = arm.sample.json
	EndProjectSection
EndProject
Project("{FAE04EC0-301F-11D3-BF4B-00C04F79EFBC}") = "AzureFunctionsForSharePoint.Functions", "AzureFunctionsForSharePoint.Functions\AzureFunctionsForSharePoint.Functions.csproj", "{250E28AF-0002-4129-888A-C6997A00A4D8}"
EndProject
Project("{FAE04EC0-301F-11D3-BF4B-00C04F79EFBC}") = "AzureFunctionsForSharePoint.Host", "AzureFunctionsForSharePoint.Host\AzureFunctionsForSharePoint.Host.csproj", "{190D144E-ED2D-4E6B-84D2-0855F44DECCA}"
EndProject
Project("{FAE04EC0-301F-11D3-BF4B-00C04F79EFBC}") = "AzureFunctionsForSharePoint.Common", "AzureFunctionsForSharePoint.Common\AzureFunctionsForSharePoint.Common.csproj", "{0734F136-8A6E-4CC6-8851-F4974828A07A}"
EndProject
Project("{FAE04EC0-301F-11D3-BF4B-00C04F79EFBC}") = "AzureFunctionsForSharePoint.Core", "AzureFunctionsForSharePoint.Core\AzureFunctionsForSharePoint.Core.csproj", "{9D07A65B-ADFB-44E4-89A1-AA0FF93979C4}"
EndProject
Global
	GlobalSection(SolutionConfigurationPlatforms) = preSolution
		Debug|Any CPU = Debug|Any CPU
		Debug|ARM = Debug|ARM
		Debug|x64 = Debug|x64
		Debug|x86 = Debug|x86
		Release|Any CPU = Release|Any CPU
		Release|ARM = Release|ARM
		Release|x64 = Release|x64
		Release|x86 = Release|x86
	EndGlobalSection
	GlobalSection(ProjectConfigurationPlatforms) = postSolution
		{E6A576C8-2B4B-420E-AC07-323B3E0690E4}.Debug|Any CPU.ActiveCfg = Debug|Any CPU
		{E6A576C8-2B4B-420E-AC07-323B3E0690E4}.Debug|ARM.ActiveCfg = Debug|Any CPU
		{E6A576C8-2B4B-420E-AC07-323B3E0690E4}.Debug|ARM.Build.0 = Debug|Any CPU
		{E6A576C8-2B4B-420E-AC07-323B3E0690E4}.Debug|x64.ActiveCfg = Debug|Any CPU
		{E6A576C8-2B4B-420E-AC07-323B3E0690E4}.Debug|x64.Build.0 = Debug|Any CPU
		{E6A576C8-2B4B-420E-AC07-323B3E0690E4}.Debug|x86.ActiveCfg = Debug|Any CPU
		{E6A576C8-2B4B-420E-AC07-323B3E0690E4}.Debug|x86.Build.0 = Debug|Any CPU
		{E6A576C8-2B4B-420E-AC07-323B3E0690E4}.Release|Any CPU.ActiveCfg = Release|Any CPU
		{E6A576C8-2B4B-420E-AC07-323B3E0690E4}.Release|Any CPU.Build.0 = Release|Any CPU
		{E6A576C8-2B4B-420E-AC07-323B3E0690E4}.Release|ARM.ActiveCfg = Release|Any CPU
		{E6A576C8-2B4B-420E-AC07-323B3E0690E4}.Release|ARM.Build.0 = Release|Any CPU
		{E6A576C8-2B4B-420E-AC07-323B3E0690E4}.Release|x64.ActiveCfg = Release|Any CPU
		{E6A576C8-2B4B-420E-AC07-323B3E0690E4}.Release|x64.Build.0 = Release|Any CPU
		{E6A576C8-2B4B-420E-AC07-323B3E0690E4}.Release|x86.ActiveCfg = Release|Any CPU
		{E6A576C8-2B4B-420E-AC07-323B3E0690E4}.Release|x86.Build.0 = Release|Any CPU
		{250E28AF-0002-4129-888A-C6997A00A4D8}.Debug|Any CPU.ActiveCfg = Debug|Any CPU
		{250E28AF-0002-4129-888A-C6997A00A4D8}.Debug|Any CPU.Build.0 = Debug|Any CPU
		{250E28AF-0002-4129-888A-C6997A00A4D8}.Debug|ARM.ActiveCfg = Debug|Any CPU
		{250E28AF-0002-4129-888A-C6997A00A4D8}.Debug|ARM.Build.0 = Debug|Any CPU
		{250E28AF-0002-4129-888A-C6997A00A4D8}.Debug|x64.ActiveCfg = Debug|Any CPU
		{250E28AF-0002-4129-888A-C6997A00A4D8}.Debug|x64.Build.0 = Debug|Any CPU
		{250E28AF-0002-4129-888A-C6997A00A4D8}.Debug|x86.ActiveCfg = Debug|Any CPU
		{250E28AF-0002-4129-888A-C6997A00A4D8}.Debug|x86.Build.0 = Debug|Any CPU
		{250E28AF-0002-4129-888A-C6997A00A4D8}.Release|Any CPU.ActiveCfg = Release|Any CPU
		{250E28AF-0002-4129-888A-C6997A00A4D8}.Release|Any CPU.Build.0 = Release|Any CPU
		{250E28AF-0002-4129-888A-C6997A00A4D8}.Release|ARM.ActiveCfg = Release|Any CPU
		{250E28AF-0002-4129-888A-C6997A00A4D8}.Release|ARM.Build.0 = Release|Any CPU
		{250E28AF-0002-4129-888A-C6997A00A4D8}.Release|x64.ActiveCfg = Release|Any CPU
		{250E28AF-0002-4129-888A-C6997A00A4D8}.Release|x64.Build.0 = Release|Any CPU
		{250E28AF-0002-4129-888A-C6997A00A4D8}.Release|x86.ActiveCfg = Release|Any CPU
		{250E28AF-0002-4129-888A-C6997A00A4D8}.Release|x86.Build.0 = Release|Any CPU
		{190D144E-ED2D-4E6B-84D2-0855F44DECCA}.Debug|Any CPU.ActiveCfg = Debug|Any CPU
		{190D144E-ED2D-4E6B-84D2-0855F44DECCA}.Debug|Any CPU.Build.0 = Debug|Any CPU
		{190D144E-ED2D-4E6B-84D2-0855F44DECCA}.Debug|ARM.ActiveCfg = Debug|Any CPU
		{190D144E-ED2D-4E6B-84D2-0855F44DECCA}.Debug|ARM.Build.0 = Debug|Any CPU
		{190D144E-ED2D-4E6B-84D2-0855F44DECCA}.Debug|x64.ActiveCfg = Debug|Any CPU
		{190D144E-ED2D-4E6B-84D2-0855F44DECCA}.Debug|x64.Build.0 = Debug|Any CPU
		{190D144E-ED2D-4E6B-84D2-0855F44DECCA}.Debug|x86.ActiveCfg = Debug|Any CPU
		{190D144E-ED2D-4E6B-84D2-0855F44DECCA}.Debug|x86.Build.0 = Debug|Any CPU
		{190D144E-ED2D-4E6B-84D2-0855F44DECCA}.Release|Any CPU.ActiveCfg = Release|Any CPU
		{190D144E-ED2D-4E6B-84D2-0855F44DECCA}.Release|Any CPU.Build.0 = Release|Any CPU
		{190D144E-ED2D-4E6B-84D2-0855F44DECCA}.Release|ARM.ActiveCfg = Release|Any CPU
		{190D144E-ED2D-4E6B-84D2-0855F44DECCA}.Release|ARM.Build.0 = Release|Any CPU
		{190D144E-ED2D-4E6B-84D2-0855F44DECCA}.Release|x64.ActiveCfg = Release|Any CPU
		{190D144E-ED2D-4E6B-84D2-0855F44DECCA}.Release|x64.Build.0 = Release|Any CPU
		{190D144E-ED2D-4E6B-84D2-0855F44DECCA}.Release|x86.ActiveCfg = Release|Any CPU
		{190D144E-ED2D-4E6B-84D2-0855F44DECCA}.Release|x86.Build.0 = Release|Any CPU
		{0734F136-8A6E-4CC6-8851-F4974828A07A}.Debug|Any CPU.ActiveCfg = Debug|Any CPU
		{0734F136-8A6E-4CC6-8851-F4974828A07A}.Debug|Any CPU.Build.0 = Debug|Any CPU
		{0734F136-8A6E-4CC6-8851-F4974828A07A}.Debug|ARM.ActiveCfg = Debug|Any CPU
		{0734F136-8A6E-4CC6-8851-F4974828A07A}.Debug|ARM.Build.0 = Debug|Any CPU
		{0734F136-8A6E-4CC6-8851-F4974828A07A}.Debug|x64.ActiveCfg = Debug|Any CPU
		{0734F136-8A6E-4CC6-8851-F4974828A07A}.Debug|x64.Build.0 = Debug|Any CPU
		{0734F136-8A6E-4CC6-8851-F4974828A07A}.Debug|x86.ActiveCfg = Debug|Any CPU
		{0734F136-8A6E-4CC6-8851-F4974828A07A}.Debug|x86.Build.0 = Debug|Any CPU
		{0734F136-8A6E-4CC6-8851-F4974828A07A}.Release|Any CPU.ActiveCfg = Release|Any CPU
		{0734F136-8A6E-4CC6-8851-F4974828A07A}.Release|Any CPU.Build.0 = Release|Any CPU
		{0734F136-8A6E-4CC6-8851-F4974828A07A}.Release|ARM.ActiveCfg = Release|Any CPU
		{0734F136-8A6E-4CC6-8851-F4974828A07A}.Release|ARM.Build.0 = Release|Any CPU
		{0734F136-8A6E-4CC6-8851-F4974828A07A}.Release|x64.ActiveCfg = Release|Any CPU
		{0734F136-8A6E-4CC6-8851-F4974828A07A}.Release|x64.Build.0 = Release|Any CPU
		{0734F136-8A6E-4CC6-8851-F4974828A07A}.Release|x86.ActiveCfg = Release|Any CPU
		{0734F136-8A6E-4CC6-8851-F4974828A07A}.Release|x86.Build.0 = Release|Any CPU
		{9D07A65B-ADFB-44E4-89A1-AA0FF93979C4}.Debug|Any CPU.ActiveCfg = Debug|Any CPU
		{9D07A65B-ADFB-44E4-89A1-AA0FF93979C4}.Debug|Any CPU.Build.0 = Debug|Any CPU
		{9D07A65B-ADFB-44E4-89A1-AA0FF93979C4}.Debug|ARM.ActiveCfg = Debug|Any CPU
		{9D07A65B-ADFB-44E4-89A1-AA0FF93979C4}.Debug|ARM.Build.0 = Debug|Any CPU
		{9D07A65B-ADFB-44E4-89A1-AA0FF93979C4}.Debug|x64.ActiveCfg = Debug|Any CPU
		{9D07A65B-ADFB-44E4-89A1-AA0FF93979C4}.Debug|x64.Build.0 = Debug|Any CPU
		{9D07A65B-ADFB-44E4-89A1-AA0FF93979C4}.Debug|x86.ActiveCfg = Debug|Any CPU
		{9D07A65B-ADFB-44E4-89A1-AA0FF93979C4}.Debug|x86.Build.0 = Debug|Any CPU
		{9D07A65B-ADFB-44E4-89A1-AA0FF93979C4}.Release|Any CPU.ActiveCfg = Release|Any CPU
		{9D07A65B-ADFB-44E4-89A1-AA0FF93979C4}.Release|Any CPU.Build.0 = Release|Any CPU
		{9D07A65B-ADFB-44E4-89A1-AA0FF93979C4}.Release|ARM.ActiveCfg = Release|Any CPU
		{9D07A65B-ADFB-44E4-89A1-AA0FF93979C4}.Release|ARM.Build.0 = Release|Any CPU
		{9D07A65B-ADFB-44E4-89A1-AA0FF93979C4}.Release|x64.ActiveCfg = Release|Any CPU
		{9D07A65B-ADFB-44E4-89A1-AA0FF93979C4}.Release|x64.Build.0 = Release|Any CPU
		{9D07A65B-ADFB-44E4-89A1-AA0FF93979C4}.Release|x86.ActiveCfg = Release|Any CPU
		{9D07A65B-ADFB-44E4-89A1-AA0FF93979C4}.Release|x86.Build.0 = Release|Any CPU
	EndGlobalSection
	GlobalSection(SolutionProperties) = preSolution
		HideSolutionNode = FALSE
	EndGlobalSection
	GlobalSection(NestedProjects) = preSolution
		{E6A576C8-2B4B-420E-AC07-323B3E0690E4} = {801868A8-61FC-41FB-93D3-E11DDB48D5C9}
		{A3066239-B00B-45F6-AE40-23748591B67D} = {CB83658E-517C-4EA8-BC35-B12D672B602C}
	EndGlobalSection
EndGlobal
