
Microsoft Visual Studio Solution File, Format Version 12.00
# Visual Studio 14
VisualStudioVersion = 14.0.25420.1
MinimumVisualStudioVersion = 10.0.40219.1
Project("{FAE04EC0-301F-11D3-BF4B-00C04F79EFBC}") = "AppLaunch", "AppLaunch\AppLaunch.csproj", "{8D15D43C-278B-4365-B481-10AE64ADEEF2}"
EndProject
Project("{FAE04EC0-301F-11D3-BF4B-00C04F79EFBC}") = "ClientConfiguration", "ClientConfiguration\ClientConfiguration.csproj", "{6293A4DA-5B7C-42F9-8DE2-4A11A8EEF25E}"
EndProject
Project("{FAE04EC0-301F-11D3-BF4B-00C04F79EFBC}") = "EventDispatch", "EventDispatch\EventDispatch.csproj", "{C596755D-34CD-4873-8597-681C08686D29}"
EndProject
Project("{FAE04EC0-301F-11D3-BF4B-00C04F79EFBC}") = "FunctionsCore", "FunctionsCore\FunctionsCore.csproj", "{0734F136-8A6E-4CC6-8851-F4974828A07A}"
EndProject
Project("{FAE04EC0-301F-11D3-BF4B-00C04F79EFBC}") = "IQAppCommon", "IQAppCommon\IQAppCommon.csproj", "{9D07A65B-ADFB-44E4-89A1-AA0FF93979C4}"
EndProject
Project("{2150E333-8FDC-42A3-9474-1A3956D46DE8}") = "IdentityModel", "IdentityModel", "{D85B9100-D8C1-4525-A323-350FE611E286}"
	ProjectSection(SolutionItems) = preProject
		IdentityModel\Microsoft.IdentityModel.dll = IdentityModel\Microsoft.IdentityModel.dll
	EndProjectSection
EndProject
Project("{FAE04EC0-301F-11D3-BF4B-00C04F79EFBC}") = "TokenStorage", "TokenStorage\TokenStorage.csproj", "{9F401ADF-41A2-41D4-B181-6F0CABA3960D}"
EndProject
Project("{FAE04EC0-301F-11D3-BF4B-00C04F79EFBC}") = "BootstrapProvisioner", "BootstrapProvisioner\BootstrapProvisioner.csproj", "{D13499EE-8FB4-4C31-ACCB-4162E54091E9}"
EndProject
Project("{FAE04EC0-301F-11D3-BF4B-00C04F79EFBC}") = "GetAccessToken", "GetAccessToken\GetAccessToken.csproj", "{51E17963-631E-42FF-BF5E-A38AA3BBC712}"
EndProject
Project("{2150E333-8FDC-42A3-9474-1A3956D46DE8}") = "HttpFunctions", "HttpFunctions", "{AA5512FC-7821-4A9E-B865-BA020C519202}"
EndProject
Project("{2150E333-8FDC-42A3-9474-1A3956D46DE8}") = "ServiceBusFunctions", "ServiceBusFunctions", "{FB821C96-EAE1-4E45-A78D-C7ED429E5509}"
EndProject
Project("{2150E333-8FDC-42A3-9474-1A3956D46DE8}") = "Libraries", "Libraries", "{94FCA8BD-C739-4DFB-AE24-2E6F21F62958}"
EndProject
Project("{FAE04EC0-301F-11D3-BF4B-00C04F79EFBC}") = "IQAppBackgroundJobs", "IQAppBackgroundJobs\IQAppBackgroundJobs.csproj", "{91108009-E909-4FB0-8754-86A29E608917}"
EndProject
Global
	GlobalSection(SolutionConfigurationPlatforms) = preSolution
		CloudKhanPublish|Any CPU = CloudKhanPublish|Any CPU
		CloudKhanPublish|ARM = CloudKhanPublish|ARM
		CloudKhanPublish|x64 = CloudKhanPublish|x64
		CloudKhanPublish|x86 = CloudKhanPublish|x86
		Debug|Any CPU = Debug|Any CPU
		Debug|ARM = Debug|ARM
		Debug|x64 = Debug|x64
		Debug|x86 = Debug|x86
		Release|Any CPU = Release|Any CPU
		Release|ARM = Release|ARM
		Release|x64 = Release|x64
		Release|x86 = Release|x86
	EndGlobalSection
	GlobalSection(ProjectConfigurationPlatforms) = postSolution
		{8D15D43C-278B-4365-B481-10AE64ADEEF2}.CloudKhanPublish|Any CPU.ActiveCfg = Release|Any CPU
		{8D15D43C-278B-4365-B481-10AE64ADEEF2}.CloudKhanPublish|Any CPU.Build.0 = Release|Any CPU
		{8D15D43C-278B-4365-B481-10AE64ADEEF2}.CloudKhanPublish|ARM.ActiveCfg = Release|Any CPU
		{8D15D43C-278B-4365-B481-10AE64ADEEF2}.CloudKhanPublish|ARM.Build.0 = Release|Any CPU
		{8D15D43C-278B-4365-B481-10AE64ADEEF2}.CloudKhanPublish|x64.ActiveCfg = Release|Any CPU
		{8D15D43C-278B-4365-B481-10AE64ADEEF2}.CloudKhanPublish|x64.Build.0 = Release|Any CPU
		{8D15D43C-278B-4365-B481-10AE64ADEEF2}.CloudKhanPublish|x86.ActiveCfg = Release|Any CPU
		{8D15D43C-278B-4365-B481-10AE64ADEEF2}.CloudKhanPublish|x86.Build.0 = Release|Any CPU
		{8D15D43C-278B-4365-B481-10AE64ADEEF2}.Debug|Any CPU.ActiveCfg = Debug|Any CPU
		{8D15D43C-278B-4365-B481-10AE64ADEEF2}.Debug|Any CPU.Build.0 = Debug|Any CPU
		{8D15D43C-278B-4365-B481-10AE64ADEEF2}.Debug|ARM.ActiveCfg = Debug|Any CPU
		{8D15D43C-278B-4365-B481-10AE64ADEEF2}.Debug|ARM.Build.0 = Debug|Any CPU
		{8D15D43C-278B-4365-B481-10AE64ADEEF2}.Debug|x64.ActiveCfg = Debug|Any CPU
		{8D15D43C-278B-4365-B481-10AE64ADEEF2}.Debug|x64.Build.0 = Debug|Any CPU
		{8D15D43C-278B-4365-B481-10AE64ADEEF2}.Debug|x86.ActiveCfg = Debug|Any CPU
		{8D15D43C-278B-4365-B481-10AE64ADEEF2}.Debug|x86.Build.0 = Debug|Any CPU
		{8D15D43C-278B-4365-B481-10AE64ADEEF2}.Release|Any CPU.ActiveCfg = Release|Any CPU
		{8D15D43C-278B-4365-B481-10AE64ADEEF2}.Release|Any CPU.Build.0 = Release|Any CPU
		{8D15D43C-278B-4365-B481-10AE64ADEEF2}.Release|ARM.ActiveCfg = Release|Any CPU
		{8D15D43C-278B-4365-B481-10AE64ADEEF2}.Release|ARM.Build.0 = Release|Any CPU
		{8D15D43C-278B-4365-B481-10AE64ADEEF2}.Release|x64.ActiveCfg = Release|Any CPU
		{8D15D43C-278B-4365-B481-10AE64ADEEF2}.Release|x64.Build.0 = Release|Any CPU
		{8D15D43C-278B-4365-B481-10AE64ADEEF2}.Release|x86.ActiveCfg = Release|Any CPU
		{8D15D43C-278B-4365-B481-10AE64ADEEF2}.Release|x86.Build.0 = Release|Any CPU
		{6293A4DA-5B7C-42F9-8DE2-4A11A8EEF25E}.CloudKhanPublish|Any CPU.ActiveCfg = Release|Any CPU
		{6293A4DA-5B7C-42F9-8DE2-4A11A8EEF25E}.CloudKhanPublish|Any CPU.Build.0 = Release|Any CPU
		{6293A4DA-5B7C-42F9-8DE2-4A11A8EEF25E}.CloudKhanPublish|ARM.ActiveCfg = Release|Any CPU
		{6293A4DA-5B7C-42F9-8DE2-4A11A8EEF25E}.CloudKhanPublish|ARM.Build.0 = Release|Any CPU
		{6293A4DA-5B7C-42F9-8DE2-4A11A8EEF25E}.CloudKhanPublish|x64.ActiveCfg = Release|Any CPU
		{6293A4DA-5B7C-42F9-8DE2-4A11A8EEF25E}.CloudKhanPublish|x64.Build.0 = Release|Any CPU
		{6293A4DA-5B7C-42F9-8DE2-4A11A8EEF25E}.CloudKhanPublish|x86.ActiveCfg = Release|Any CPU
		{6293A4DA-5B7C-42F9-8DE2-4A11A8EEF25E}.CloudKhanPublish|x86.Build.0 = Release|Any CPU
		{6293A4DA-5B7C-42F9-8DE2-4A11A8EEF25E}.Debug|Any CPU.ActiveCfg = Debug|Any CPU
		{6293A4DA-5B7C-42F9-8DE2-4A11A8EEF25E}.Debug|Any CPU.Build.0 = Debug|Any CPU
		{6293A4DA-5B7C-42F9-8DE2-4A11A8EEF25E}.Debug|ARM.ActiveCfg = Debug|Any CPU
		{6293A4DA-5B7C-42F9-8DE2-4A11A8EEF25E}.Debug|ARM.Build.0 = Debug|Any CPU
		{6293A4DA-5B7C-42F9-8DE2-4A11A8EEF25E}.Debug|x64.ActiveCfg = Debug|Any CPU
		{6293A4DA-5B7C-42F9-8DE2-4A11A8EEF25E}.Debug|x64.Build.0 = Debug|Any CPU
		{6293A4DA-5B7C-42F9-8DE2-4A11A8EEF25E}.Debug|x86.ActiveCfg = Debug|Any CPU
		{6293A4DA-5B7C-42F9-8DE2-4A11A8EEF25E}.Debug|x86.Build.0 = Debug|Any CPU
		{6293A4DA-5B7C-42F9-8DE2-4A11A8EEF25E}.Release|Any CPU.ActiveCfg = Release|Any CPU
		{6293A4DA-5B7C-42F9-8DE2-4A11A8EEF25E}.Release|Any CPU.Build.0 = Release|Any CPU
		{6293A4DA-5B7C-42F9-8DE2-4A11A8EEF25E}.Release|ARM.ActiveCfg = Release|Any CPU
		{6293A4DA-5B7C-42F9-8DE2-4A11A8EEF25E}.Release|ARM.Build.0 = Release|Any CPU
		{6293A4DA-5B7C-42F9-8DE2-4A11A8EEF25E}.Release|x64.ActiveCfg = Release|Any CPU
		{6293A4DA-5B7C-42F9-8DE2-4A11A8EEF25E}.Release|x64.Build.0 = Release|Any CPU
		{6293A4DA-5B7C-42F9-8DE2-4A11A8EEF25E}.Release|x86.ActiveCfg = Release|Any CPU
		{6293A4DA-5B7C-42F9-8DE2-4A11A8EEF25E}.Release|x86.Build.0 = Release|Any CPU
		{C596755D-34CD-4873-8597-681C08686D29}.CloudKhanPublish|Any CPU.ActiveCfg = Release|Any CPU
		{C596755D-34CD-4873-8597-681C08686D29}.CloudKhanPublish|Any CPU.Build.0 = Release|Any CPU
		{C596755D-34CD-4873-8597-681C08686D29}.CloudKhanPublish|ARM.ActiveCfg = Release|Any CPU
		{C596755D-34CD-4873-8597-681C08686D29}.CloudKhanPublish|ARM.Build.0 = Release|Any CPU
		{C596755D-34CD-4873-8597-681C08686D29}.CloudKhanPublish|x64.ActiveCfg = Release|Any CPU
		{C596755D-34CD-4873-8597-681C08686D29}.CloudKhanPublish|x64.Build.0 = Release|Any CPU
		{C596755D-34CD-4873-8597-681C08686D29}.CloudKhanPublish|x86.ActiveCfg = Release|Any CPU
		{C596755D-34CD-4873-8597-681C08686D29}.CloudKhanPublish|x86.Build.0 = Release|Any CPU
		{C596755D-34CD-4873-8597-681C08686D29}.Debug|Any CPU.ActiveCfg = Debug|Any CPU
		{C596755D-34CD-4873-8597-681C08686D29}.Debug|Any CPU.Build.0 = Debug|Any CPU
		{C596755D-34CD-4873-8597-681C08686D29}.Debug|ARM.ActiveCfg = Debug|Any CPU
		{C596755D-34CD-4873-8597-681C08686D29}.Debug|ARM.Build.0 = Debug|Any CPU
		{C596755D-34CD-4873-8597-681C08686D29}.Debug|x64.ActiveCfg = Debug|Any CPU
		{C596755D-34CD-4873-8597-681C08686D29}.Debug|x64.Build.0 = Debug|Any CPU
		{C596755D-34CD-4873-8597-681C08686D29}.Debug|x86.ActiveCfg = Debug|Any CPU
		{C596755D-34CD-4873-8597-681C08686D29}.Debug|x86.Build.0 = Debug|Any CPU
		{C596755D-34CD-4873-8597-681C08686D29}.Release|Any CPU.ActiveCfg = Release|Any CPU
		{C596755D-34CD-4873-8597-681C08686D29}.Release|Any CPU.Build.0 = Release|Any CPU
		{C596755D-34CD-4873-8597-681C08686D29}.Release|ARM.ActiveCfg = Release|Any CPU
		{C596755D-34CD-4873-8597-681C08686D29}.Release|ARM.Build.0 = Release|Any CPU
		{C596755D-34CD-4873-8597-681C08686D29}.Release|x64.ActiveCfg = Release|Any CPU
		{C596755D-34CD-4873-8597-681C08686D29}.Release|x64.Build.0 = Release|Any CPU
		{C596755D-34CD-4873-8597-681C08686D29}.Release|x86.ActiveCfg = Release|Any CPU
		{C596755D-34CD-4873-8597-681C08686D29}.Release|x86.Build.0 = Release|Any CPU
		{0734F136-8A6E-4CC6-8851-F4974828A07A}.CloudKhanPublish|Any CPU.ActiveCfg = Release|Any CPU
		{0734F136-8A6E-4CC6-8851-F4974828A07A}.CloudKhanPublish|Any CPU.Build.0 = Release|Any CPU
		{0734F136-8A6E-4CC6-8851-F4974828A07A}.CloudKhanPublish|ARM.ActiveCfg = Release|Any CPU
		{0734F136-8A6E-4CC6-8851-F4974828A07A}.CloudKhanPublish|ARM.Build.0 = Release|Any CPU
		{0734F136-8A6E-4CC6-8851-F4974828A07A}.CloudKhanPublish|x64.ActiveCfg = Release|Any CPU
		{0734F136-8A6E-4CC6-8851-F4974828A07A}.CloudKhanPublish|x64.Build.0 = Release|Any CPU
		{0734F136-8A6E-4CC6-8851-F4974828A07A}.CloudKhanPublish|x86.ActiveCfg = Release|Any CPU
		{0734F136-8A6E-4CC6-8851-F4974828A07A}.CloudKhanPublish|x86.Build.0 = Release|Any CPU
		{0734F136-8A6E-4CC6-8851-F4974828A07A}.Debug|Any CPU.ActiveCfg = Debug|Any CPU
		{0734F136-8A6E-4CC6-8851-F4974828A07A}.Debug|Any CPU.Build.0 = Debug|Any CPU
		{0734F136-8A6E-4CC6-8851-F4974828A07A}.Debug|ARM.ActiveCfg = Debug|Any CPU
		{0734F136-8A6E-4CC6-8851-F4974828A07A}.Debug|ARM.Build.0 = Debug|Any CPU
		{0734F136-8A6E-4CC6-8851-F4974828A07A}.Debug|x64.ActiveCfg = Debug|Any CPU
		{0734F136-8A6E-4CC6-8851-F4974828A07A}.Debug|x64.Build.0 = Debug|Any CPU
		{0734F136-8A6E-4CC6-8851-F4974828A07A}.Debug|x86.ActiveCfg = Debug|Any CPU
		{0734F136-8A6E-4CC6-8851-F4974828A07A}.Debug|x86.Build.0 = Debug|Any CPU
		{0734F136-8A6E-4CC6-8851-F4974828A07A}.Release|Any CPU.ActiveCfg = Release|Any CPU
		{0734F136-8A6E-4CC6-8851-F4974828A07A}.Release|Any CPU.Build.0 = Release|Any CPU
		{0734F136-8A6E-4CC6-8851-F4974828A07A}.Release|ARM.ActiveCfg = Release|Any CPU
		{0734F136-8A6E-4CC6-8851-F4974828A07A}.Release|ARM.Build.0 = Release|Any CPU
		{0734F136-8A6E-4CC6-8851-F4974828A07A}.Release|x64.ActiveCfg = Release|Any CPU
		{0734F136-8A6E-4CC6-8851-F4974828A07A}.Release|x64.Build.0 = Release|Any CPU
		{0734F136-8A6E-4CC6-8851-F4974828A07A}.Release|x86.ActiveCfg = Release|Any CPU
		{0734F136-8A6E-4CC6-8851-F4974828A07A}.Release|x86.Build.0 = Release|Any CPU
		{9D07A65B-ADFB-44E4-89A1-AA0FF93979C4}.CloudKhanPublish|Any CPU.ActiveCfg = Release|Any CPU
		{9D07A65B-ADFB-44E4-89A1-AA0FF93979C4}.CloudKhanPublish|Any CPU.Build.0 = Release|Any CPU
		{9D07A65B-ADFB-44E4-89A1-AA0FF93979C4}.CloudKhanPublish|ARM.ActiveCfg = Release|Any CPU
		{9D07A65B-ADFB-44E4-89A1-AA0FF93979C4}.CloudKhanPublish|ARM.Build.0 = Release|Any CPU
		{9D07A65B-ADFB-44E4-89A1-AA0FF93979C4}.CloudKhanPublish|x64.ActiveCfg = Release|Any CPU
		{9D07A65B-ADFB-44E4-89A1-AA0FF93979C4}.CloudKhanPublish|x64.Build.0 = Release|Any CPU
		{9D07A65B-ADFB-44E4-89A1-AA0FF93979C4}.CloudKhanPublish|x86.ActiveCfg = Release|Any CPU
		{9D07A65B-ADFB-44E4-89A1-AA0FF93979C4}.CloudKhanPublish|x86.Build.0 = Release|Any CPU
		{9D07A65B-ADFB-44E4-89A1-AA0FF93979C4}.Debug|Any CPU.ActiveCfg = Debug|Any CPU
		{9D07A65B-ADFB-44E4-89A1-AA0FF93979C4}.Debug|Any CPU.Build.0 = Debug|Any CPU
		{9D07A65B-ADFB-44E4-89A1-AA0FF93979C4}.Debug|ARM.ActiveCfg = Debug|Any CPU
		{9D07A65B-ADFB-44E4-89A1-AA0FF93979C4}.Debug|ARM.Build.0 = Debug|Any CPU
		{9D07A65B-ADFB-44E4-89A1-AA0FF93979C4}.Debug|x64.ActiveCfg = Debug|Any CPU
		{9D07A65B-ADFB-44E4-89A1-AA0FF93979C4}.Debug|x64.Build.0 = Debug|Any CPU
		{9D07A65B-ADFB-44E4-89A1-AA0FF93979C4}.Debug|x86.ActiveCfg = Debug|Any CPU
		{9D07A65B-ADFB-44E4-89A1-AA0FF93979C4}.Debug|x86.Build.0 = Debug|Any CPU
		{9D07A65B-ADFB-44E4-89A1-AA0FF93979C4}.Release|Any CPU.ActiveCfg = Release|Any CPU
		{9D07A65B-ADFB-44E4-89A1-AA0FF93979C4}.Release|Any CPU.Build.0 = Release|Any CPU
		{9D07A65B-ADFB-44E4-89A1-AA0FF93979C4}.Release|ARM.ActiveCfg = Release|Any CPU
		{9D07A65B-ADFB-44E4-89A1-AA0FF93979C4}.Release|ARM.Build.0 = Release|Any CPU
		{9D07A65B-ADFB-44E4-89A1-AA0FF93979C4}.Release|x64.ActiveCfg = Release|Any CPU
		{9D07A65B-ADFB-44E4-89A1-AA0FF93979C4}.Release|x64.Build.0 = Release|Any CPU
		{9D07A65B-ADFB-44E4-89A1-AA0FF93979C4}.Release|x86.ActiveCfg = Release|Any CPU
		{9D07A65B-ADFB-44E4-89A1-AA0FF93979C4}.Release|x86.Build.0 = Release|Any CPU
		{9F401ADF-41A2-41D4-B181-6F0CABA3960D}.CloudKhanPublish|Any CPU.ActiveCfg = Release|Any CPU
		{9F401ADF-41A2-41D4-B181-6F0CABA3960D}.CloudKhanPublish|Any CPU.Build.0 = Release|Any CPU
		{9F401ADF-41A2-41D4-B181-6F0CABA3960D}.CloudKhanPublish|ARM.ActiveCfg = Release|Any CPU
		{9F401ADF-41A2-41D4-B181-6F0CABA3960D}.CloudKhanPublish|ARM.Build.0 = Release|Any CPU
		{9F401ADF-41A2-41D4-B181-6F0CABA3960D}.CloudKhanPublish|x64.ActiveCfg = Release|Any CPU
		{9F401ADF-41A2-41D4-B181-6F0CABA3960D}.CloudKhanPublish|x64.Build.0 = Release|Any CPU
		{9F401ADF-41A2-41D4-B181-6F0CABA3960D}.CloudKhanPublish|x86.ActiveCfg = Release|Any CPU
		{9F401ADF-41A2-41D4-B181-6F0CABA3960D}.CloudKhanPublish|x86.Build.0 = Release|Any CPU
		{9F401ADF-41A2-41D4-B181-6F0CABA3960D}.Debug|Any CPU.ActiveCfg = Debug|Any CPU
		{9F401ADF-41A2-41D4-B181-6F0CABA3960D}.Debug|Any CPU.Build.0 = Debug|Any CPU
		{9F401ADF-41A2-41D4-B181-6F0CABA3960D}.Debug|ARM.ActiveCfg = Debug|Any CPU
		{9F401ADF-41A2-41D4-B181-6F0CABA3960D}.Debug|ARM.Build.0 = Debug|Any CPU
		{9F401ADF-41A2-41D4-B181-6F0CABA3960D}.Debug|x64.ActiveCfg = Debug|Any CPU
		{9F401ADF-41A2-41D4-B181-6F0CABA3960D}.Debug|x64.Build.0 = Debug|Any CPU
		{9F401ADF-41A2-41D4-B181-6F0CABA3960D}.Debug|x86.ActiveCfg = Debug|Any CPU
		{9F401ADF-41A2-41D4-B181-6F0CABA3960D}.Debug|x86.Build.0 = Debug|Any CPU
		{9F401ADF-41A2-41D4-B181-6F0CABA3960D}.Release|Any CPU.ActiveCfg = Release|Any CPU
		{9F401ADF-41A2-41D4-B181-6F0CABA3960D}.Release|Any CPU.Build.0 = Release|Any CPU
		{9F401ADF-41A2-41D4-B181-6F0CABA3960D}.Release|ARM.ActiveCfg = Release|Any CPU
		{9F401ADF-41A2-41D4-B181-6F0CABA3960D}.Release|ARM.Build.0 = Release|Any CPU
		{9F401ADF-41A2-41D4-B181-6F0CABA3960D}.Release|x64.ActiveCfg = Release|Any CPU
		{9F401ADF-41A2-41D4-B181-6F0CABA3960D}.Release|x64.Build.0 = Release|Any CPU
		{9F401ADF-41A2-41D4-B181-6F0CABA3960D}.Release|x86.ActiveCfg = Release|Any CPU
		{9F401ADF-41A2-41D4-B181-6F0CABA3960D}.Release|x86.Build.0 = Release|Any CPU
		{D13499EE-8FB4-4C31-ACCB-4162E54091E9}.CloudKhanPublish|Any CPU.ActiveCfg = Release|Any CPU
		{D13499EE-8FB4-4C31-ACCB-4162E54091E9}.CloudKhanPublish|Any CPU.Build.0 = Release|Any CPU
		{D13499EE-8FB4-4C31-ACCB-4162E54091E9}.CloudKhanPublish|ARM.ActiveCfg = Release|Any CPU
		{D13499EE-8FB4-4C31-ACCB-4162E54091E9}.CloudKhanPublish|ARM.Build.0 = Release|Any CPU
		{D13499EE-8FB4-4C31-ACCB-4162E54091E9}.CloudKhanPublish|x64.ActiveCfg = Release|Any CPU
		{D13499EE-8FB4-4C31-ACCB-4162E54091E9}.CloudKhanPublish|x64.Build.0 = Release|Any CPU
		{D13499EE-8FB4-4C31-ACCB-4162E54091E9}.CloudKhanPublish|x86.ActiveCfg = Release|Any CPU
		{D13499EE-8FB4-4C31-ACCB-4162E54091E9}.CloudKhanPublish|x86.Build.0 = Release|Any CPU
		{D13499EE-8FB4-4C31-ACCB-4162E54091E9}.Debug|Any CPU.ActiveCfg = Debug|Any CPU
		{D13499EE-8FB4-4C31-ACCB-4162E54091E9}.Debug|Any CPU.Build.0 = Debug|Any CPU
		{D13499EE-8FB4-4C31-ACCB-4162E54091E9}.Debug|ARM.ActiveCfg = Debug|Any CPU
		{D13499EE-8FB4-4C31-ACCB-4162E54091E9}.Debug|ARM.Build.0 = Debug|Any CPU
		{D13499EE-8FB4-4C31-ACCB-4162E54091E9}.Debug|x64.ActiveCfg = Debug|Any CPU
		{D13499EE-8FB4-4C31-ACCB-4162E54091E9}.Debug|x64.Build.0 = Debug|Any CPU
		{D13499EE-8FB4-4C31-ACCB-4162E54091E9}.Debug|x86.ActiveCfg = Debug|Any CPU
		{D13499EE-8FB4-4C31-ACCB-4162E54091E9}.Debug|x86.Build.0 = Debug|Any CPU
		{D13499EE-8FB4-4C31-ACCB-4162E54091E9}.Release|Any CPU.ActiveCfg = Release|Any CPU
		{D13499EE-8FB4-4C31-ACCB-4162E54091E9}.Release|Any CPU.Build.0 = Release|Any CPU
		{D13499EE-8FB4-4C31-ACCB-4162E54091E9}.Release|ARM.ActiveCfg = Release|Any CPU
		{D13499EE-8FB4-4C31-ACCB-4162E54091E9}.Release|ARM.Build.0 = Release|Any CPU
		{D13499EE-8FB4-4C31-ACCB-4162E54091E9}.Release|x64.ActiveCfg = Release|Any CPU
		{D13499EE-8FB4-4C31-ACCB-4162E54091E9}.Release|x64.Build.0 = Release|Any CPU
		{D13499EE-8FB4-4C31-ACCB-4162E54091E9}.Release|x86.ActiveCfg = Release|Any CPU
		{D13499EE-8FB4-4C31-ACCB-4162E54091E9}.Release|x86.Build.0 = Release|Any CPU
		{51E17963-631E-42FF-BF5E-A38AA3BBC712}.CloudKhanPublish|Any CPU.ActiveCfg = Release|Any CPU
		{51E17963-631E-42FF-BF5E-A38AA3BBC712}.CloudKhanPublish|Any CPU.Build.0 = Release|Any CPU
		{51E17963-631E-42FF-BF5E-A38AA3BBC712}.CloudKhanPublish|ARM.ActiveCfg = Release|Any CPU
		{51E17963-631E-42FF-BF5E-A38AA3BBC712}.CloudKhanPublish|ARM.Build.0 = Release|Any CPU
		{51E17963-631E-42FF-BF5E-A38AA3BBC712}.CloudKhanPublish|x64.ActiveCfg = Release|Any CPU
		{51E17963-631E-42FF-BF5E-A38AA3BBC712}.CloudKhanPublish|x64.Build.0 = Release|Any CPU
		{51E17963-631E-42FF-BF5E-A38AA3BBC712}.CloudKhanPublish|x86.ActiveCfg = Release|Any CPU
		{51E17963-631E-42FF-BF5E-A38AA3BBC712}.CloudKhanPublish|x86.Build.0 = Release|Any CPU
		{51E17963-631E-42FF-BF5E-A38AA3BBC712}.Debug|Any CPU.ActiveCfg = Debug|Any CPU
		{51E17963-631E-42FF-BF5E-A38AA3BBC712}.Debug|Any CPU.Build.0 = Debug|Any CPU
		{51E17963-631E-42FF-BF5E-A38AA3BBC712}.Debug|ARM.ActiveCfg = Debug|Any CPU
		{51E17963-631E-42FF-BF5E-A38AA3BBC712}.Debug|ARM.Build.0 = Debug|Any CPU
		{51E17963-631E-42FF-BF5E-A38AA3BBC712}.Debug|x64.ActiveCfg = Debug|Any CPU
		{51E17963-631E-42FF-BF5E-A38AA3BBC712}.Debug|x64.Build.0 = Debug|Any CPU
		{51E17963-631E-42FF-BF5E-A38AA3BBC712}.Debug|x86.ActiveCfg = Debug|Any CPU
		{51E17963-631E-42FF-BF5E-A38AA3BBC712}.Debug|x86.Build.0 = Debug|Any CPU
		{51E17963-631E-42FF-BF5E-A38AA3BBC712}.Release|Any CPU.ActiveCfg = Release|Any CPU
		{51E17963-631E-42FF-BF5E-A38AA3BBC712}.Release|Any CPU.Build.0 = Release|Any CPU
		{51E17963-631E-42FF-BF5E-A38AA3BBC712}.Release|ARM.ActiveCfg = Release|Any CPU
		{51E17963-631E-42FF-BF5E-A38AA3BBC712}.Release|ARM.Build.0 = Release|Any CPU
		{51E17963-631E-42FF-BF5E-A38AA3BBC712}.Release|x64.ActiveCfg = Release|Any CPU
		{51E17963-631E-42FF-BF5E-A38AA3BBC712}.Release|x64.Build.0 = Release|Any CPU
		{51E17963-631E-42FF-BF5E-A38AA3BBC712}.Release|x86.ActiveCfg = Release|Any CPU
		{51E17963-631E-42FF-BF5E-A38AA3BBC712}.Release|x86.Build.0 = Release|Any CPU
		{91108009-E909-4FB0-8754-86A29E608917}.CloudKhanPublish|Any CPU.ActiveCfg = Release|Any CPU
		{91108009-E909-4FB0-8754-86A29E608917}.CloudKhanPublish|Any CPU.Build.0 = Release|Any CPU
		{91108009-E909-4FB0-8754-86A29E608917}.CloudKhanPublish|ARM.ActiveCfg = Release|Any CPU
		{91108009-E909-4FB0-8754-86A29E608917}.CloudKhanPublish|ARM.Build.0 = Release|Any CPU
		{91108009-E909-4FB0-8754-86A29E608917}.CloudKhanPublish|x64.ActiveCfg = Release|Any CPU
		{91108009-E909-4FB0-8754-86A29E608917}.CloudKhanPublish|x64.Build.0 = Release|Any CPU
		{91108009-E909-4FB0-8754-86A29E608917}.CloudKhanPublish|x86.ActiveCfg = Release|Any CPU
		{91108009-E909-4FB0-8754-86A29E608917}.CloudKhanPublish|x86.Build.0 = Release|Any CPU
		{91108009-E909-4FB0-8754-86A29E608917}.Debug|Any CPU.ActiveCfg = Debug|Any CPU
		{91108009-E909-4FB0-8754-86A29E608917}.Debug|Any CPU.Build.0 = Debug|Any CPU
		{91108009-E909-4FB0-8754-86A29E608917}.Debug|ARM.ActiveCfg = Debug|Any CPU
		{91108009-E909-4FB0-8754-86A29E608917}.Debug|ARM.Build.0 = Debug|Any CPU
		{91108009-E909-4FB0-8754-86A29E608917}.Debug|x64.ActiveCfg = Debug|Any CPU
		{91108009-E909-4FB0-8754-86A29E608917}.Debug|x64.Build.0 = Debug|Any CPU
		{91108009-E909-4FB0-8754-86A29E608917}.Debug|x86.ActiveCfg = Debug|Any CPU
		{91108009-E909-4FB0-8754-86A29E608917}.Debug|x86.Build.0 = Debug|Any CPU
		{91108009-E909-4FB0-8754-86A29E608917}.Release|Any CPU.ActiveCfg = Release|Any CPU
		{91108009-E909-4FB0-8754-86A29E608917}.Release|Any CPU.Build.0 = Release|Any CPU
		{91108009-E909-4FB0-8754-86A29E608917}.Release|ARM.ActiveCfg = Release|Any CPU
		{91108009-E909-4FB0-8754-86A29E608917}.Release|ARM.Build.0 = Release|Any CPU
		{91108009-E909-4FB0-8754-86A29E608917}.Release|x64.ActiveCfg = Release|Any CPU
		{91108009-E909-4FB0-8754-86A29E608917}.Release|x64.Build.0 = Release|Any CPU
		{91108009-E909-4FB0-8754-86A29E608917}.Release|x86.ActiveCfg = Release|Any CPU
		{91108009-E909-4FB0-8754-86A29E608917}.Release|x86.Build.0 = Release|Any CPU
	EndGlobalSection
	GlobalSection(SolutionProperties) = preSolution
		HideSolutionNode = FALSE
	EndGlobalSection
	GlobalSection(NestedProjects) = preSolution
		{8D15D43C-278B-4365-B481-10AE64ADEEF2} = {AA5512FC-7821-4A9E-B865-BA020C519202}
		{6293A4DA-5B7C-42F9-8DE2-4A11A8EEF25E} = {94FCA8BD-C739-4DFB-AE24-2E6F21F62958}
		{C596755D-34CD-4873-8597-681C08686D29} = {AA5512FC-7821-4A9E-B865-BA020C519202}
		{0734F136-8A6E-4CC6-8851-F4974828A07A} = {94FCA8BD-C739-4DFB-AE24-2E6F21F62958}
		{9D07A65B-ADFB-44E4-89A1-AA0FF93979C4} = {94FCA8BD-C739-4DFB-AE24-2E6F21F62958}
		{9F401ADF-41A2-41D4-B181-6F0CABA3960D} = {94FCA8BD-C739-4DFB-AE24-2E6F21F62958}
		{D13499EE-8FB4-4C31-ACCB-4162E54091E9} = {94FCA8BD-C739-4DFB-AE24-2E6F21F62958}
		{51E17963-631E-42FF-BF5E-A38AA3BBC712} = {AA5512FC-7821-4A9E-B865-BA020C519202}
		{91108009-E909-4FB0-8754-86A29E608917} = {FB821C96-EAE1-4E45-A78D-C7ED429E5509}
	EndGlobalSection
EndGlobal
