
Microsoft Visual Studio Solution File, Format Version 12.00
# Visual Studio 14
VisualStudioVersion = 14.0.25420.1
MinimumVisualStudioVersion = 10.0.40219.1
Project("{FAE04EC0-301F-11D3-BF4B-00C04F79EFBC}") = "AppLaunch", "AppLaunch\AppLaunch.csproj", "{8D15D43C-278B-4365-B481-10AE64ADEEF2}"
EndProject
Project("{FAE04EC0-301F-11D3-BF4B-00C04F79EFBC}") = "EventDispatch", "EventDispatch\EventDispatch.csproj", "{C596755D-34CD-4873-8597-681C08686D29}"
EndProject
Project("{FAE04EC0-301F-11D3-BF4B-00C04F79EFBC}") = "AzureFunctionsForSharePoint.Common", "AzureFunctionsForSharePoint.Common\AzureFunctionsForSharePoint.Common.csproj", "{0734F136-8A6E-4CC6-8851-F4974828A07A}"
EndProject
Project("{FAE04EC0-301F-11D3-BF4B-00C04F79EFBC}") = "AzureFunctionsForSharePoint.Core", "AzureFunctionsForSharePoint.Core\AzureFunctionsForSharePoint.Core.csproj", "{9D07A65B-ADFB-44E4-89A1-AA0FF93979C4}"
EndProject
Project("{2150E333-8FDC-42A3-9474-1A3956D46DE8}") = "IdentityModel", "IdentityModel", "{D85B9100-D8C1-4525-A323-350FE611E286}"
	ProjectSection(SolutionItems) = preProject
		IdentityModel\Microsoft.IdentityModel.dll = IdentityModel\Microsoft.IdentityModel.dll
	EndProjectSection
EndProject
Project("{2150E333-8FDC-42A3-9474-1A3956D46DE8}") = "HttpFunctions", "HttpFunctions", "{AA5512FC-7821-4A9E-B865-BA020C519202}"
EndProject
Project("{2150E333-8FDC-42A3-9474-1A3956D46DE8}") = "ServiceBusFunctions", "ServiceBusFunctions", "{FB821C96-EAE1-4E45-A78D-C7ED429E5509}"
EndProject
Project("{2150E333-8FDC-42A3-9474-1A3956D46DE8}") = "Libraries", "Libraries", "{94FCA8BD-C739-4DFB-AE24-2E6F21F62958}"
EndProject
Project("{FAE04EC0-301F-11D3-BF4B-00C04F79EFBC}") = "IQAppBackgroundJobs", "IQAppBackgroundJobs\IQAppBackgroundJobs.csproj", "{91108009-E909-4FB0-8754-86A29E608917}"
EndProject
Project("{2150E333-8FDC-42A3-9474-1A3956D46DE8}") = "Solution Items", "Solution Items", "{2AD37B19-6440-42C2-BE75-B6C75F775EE7}"
	ProjectSection(SolutionItems) = preProject
		LICENSE = LICENSE
		README.md = README.md
	EndProjectSection
EndProject
Project("{2150E333-8FDC-42A3-9474-1A3956D46DE8}") = "Deployment", "Deployment", "{CB83658E-517C-4EA8-BC35-B12D672B602C}"
	ProjectSection(SolutionItems) = preProject
		AzureFunctionsForSharePointWWWRoot.zip = AzureFunctionsForSharePointWWWRoot.zip
		commands.json = commands.json
		deploy.ps1 = deploy.ps1
		makeConfigJson.ps1 = makeConfigJson.ps1
	EndProjectSection
EndProject
Project("{2150E333-8FDC-42A3-9474-1A3956D46DE8}") = "Documentation", "Documentation", "{801868A8-61FC-41FB-93D3-E11DDB48D5C9}"
EndProject
Project("{FAE04EC0-301F-11D3-BF4B-00C04F79EFBC}") = "APIDocs", "APIDocs\APIDocs.csproj", "{E6A576C8-2B4B-420E-AC07-323B3E0690E4}"
EndProject
Project("{2150E333-8FDC-42A3-9474-1A3956D46DE8}") = "SampleClients", "SampleClients", "{CCE9322C-4534-4F9A-8BD4-B09C648A7F84}"
EndProject
Project("{FAE04EC0-301F-11D3-BF4B-00C04F79EFBC}") = "CreateCredentialToken", "CreateCredentialToken\CreateCredentialToken.csproj", "{50DB65F9-1CB2-4B18-A802-425B690E7F5D}"
EndProject
Project("{FAE04EC0-301F-11D3-BF4B-00C04F79EFBC}") = "GetACSAccessTokens", "GetACSAccessTokens\GetACSAccessTokens.csproj", "{51E17963-631E-42FF-BF5E-A38AA3BBC712}"
EndProject
Global
	GlobalSection(SolutionConfigurationPlatforms) = preSolution
		Debug|Any CPU = Debug|Any CPU
		Debug|ARM = Debug|ARM
		Debug|x64 = Debug|x64
		Debug|x86 = Debug|x86
		Release|Any CPU = Release|Any CPU
		Release|ARM = Release|ARM
		Release|x64 = Release|x64
		Release|x86 = Release|x86
	EndGlobalSection
	GlobalSection(ProjectConfigurationPlatforms) = postSolution
		{8D15D43C-278B-4365-B481-10AE64ADEEF2}.Debug|Any CPU.ActiveCfg = Debug|Any CPU
		{8D15D43C-278B-4365-B481-10AE64ADEEF2}.Debug|Any CPU.Build.0 = Debug|Any CPU
		{8D15D43C-278B-4365-B481-10AE64ADEEF2}.Debug|ARM.ActiveCfg = Debug|Any CPU
		{8D15D43C-278B-4365-B481-10AE64ADEEF2}.Debug|ARM.Build.0 = Debug|Any CPU
		{8D15D43C-278B-4365-B481-10AE64ADEEF2}.Debug|x64.ActiveCfg = Debug|Any CPU
		{8D15D43C-278B-4365-B481-10AE64ADEEF2}.Debug|x64.Build.0 = Debug|Any CPU
		{8D15D43C-278B-4365-B481-10AE64ADEEF2}.Debug|x86.ActiveCfg = Debug|Any CPU
		{8D15D43C-278B-4365-B481-10AE64ADEEF2}.Debug|x86.Build.0 = Debug|Any CPU
		{8D15D43C-278B-4365-B481-10AE64ADEEF2}.Release|Any CPU.ActiveCfg = Release|Any CPU
		{8D15D43C-278B-4365-B481-10AE64ADEEF2}.Release|Any CPU.Build.0 = Release|Any CPU
		{8D15D43C-278B-4365-B481-10AE64ADEEF2}.Release|ARM.ActiveCfg = Release|Any CPU
		{8D15D43C-278B-4365-B481-10AE64ADEEF2}.Release|ARM.Build.0 = Release|Any CPU
		{8D15D43C-278B-4365-B481-10AE64ADEEF2}.Release|x64.ActiveCfg = Release|Any CPU
		{8D15D43C-278B-4365-B481-10AE64ADEEF2}.Release|x64.Build.0 = Release|Any CPU
		{8D15D43C-278B-4365-B481-10AE64ADEEF2}.Release|x86.ActiveCfg = Release|Any CPU
		{8D15D43C-278B-4365-B481-10AE64ADEEF2}.Release|x86.Build.0 = Release|Any CPU
		{C596755D-34CD-4873-8597-681C08686D29}.Debug|Any CPU.ActiveCfg = Debug|Any CPU
		{C596755D-34CD-4873-8597-681C08686D29}.Debug|Any CPU.Build.0 = Debug|Any CPU
		{C596755D-34CD-4873-8597-681C08686D29}.Debug|ARM.ActiveCfg = Debug|Any CPU
		{C596755D-34CD-4873-8597-681C08686D29}.Debug|ARM.Build.0 = Debug|Any CPU
		{C596755D-34CD-4873-8597-681C08686D29}.Debug|x64.ActiveCfg = Debug|Any CPU
		{C596755D-34CD-4873-8597-681C08686D29}.Debug|x64.Build.0 = Debug|Any CPU
		{C596755D-34CD-4873-8597-681C08686D29}.Debug|x86.ActiveCfg = Debug|Any CPU
		{C596755D-34CD-4873-8597-681C08686D29}.Debug|x86.Build.0 = Debug|Any CPU
		{C596755D-34CD-4873-8597-681C08686D29}.Release|Any CPU.ActiveCfg = Release|Any CPU
		{C596755D-34CD-4873-8597-681C08686D29}.Release|Any CPU.Build.0 = Release|Any CPU
		{C596755D-34CD-4873-8597-681C08686D29}.Release|ARM.ActiveCfg = Release|Any CPU
		{C596755D-34CD-4873-8597-681C08686D29}.Release|ARM.Build.0 = Release|Any CPU
		{C596755D-34CD-4873-8597-681C08686D29}.Release|x64.ActiveCfg = Release|Any CPU
		{C596755D-34CD-4873-8597-681C08686D29}.Release|x64.Build.0 = Release|Any CPU
		{C596755D-34CD-4873-8597-681C08686D29}.Release|x86.ActiveCfg = Release|Any CPU
		{C596755D-34CD-4873-8597-681C08686D29}.Release|x86.Build.0 = Release|Any CPU
		{0734F136-8A6E-4CC6-8851-F4974828A07A}.Debug|Any CPU.ActiveCfg = Debug|Any CPU
		{0734F136-8A6E-4CC6-8851-F4974828A07A}.Debug|Any CPU.Build.0 = Debug|Any CPU
		{0734F136-8A6E-4CC6-8851-F4974828A07A}.Debug|ARM.ActiveCfg = Debug|Any CPU
		{0734F136-8A6E-4CC6-8851-F4974828A07A}.Debug|ARM.Build.0 = Debug|Any CPU
		{0734F136-8A6E-4CC6-8851-F4974828A07A}.Debug|x64.ActiveCfg = Debug|Any CPU
		{0734F136-8A6E-4CC6-8851-F4974828A07A}.Debug|x64.Build.0 = Debug|Any CPU
		{0734F136-8A6E-4CC6-8851-F4974828A07A}.Debug|x86.ActiveCfg = Debug|Any CPU
		{0734F136-8A6E-4CC6-8851-F4974828A07A}.Debug|x86.Build.0 = Debug|Any CPU
		{0734F136-8A6E-4CC6-8851-F4974828A07A}.Release|Any CPU.ActiveCfg = Release|Any CPU
		{0734F136-8A6E-4CC6-8851-F4974828A07A}.Release|Any CPU.Build.0 = Release|Any CPU
		{0734F136-8A6E-4CC6-8851-F4974828A07A}.Release|ARM.ActiveCfg = Release|Any CPU
		{0734F136-8A6E-4CC6-8851-F4974828A07A}.Release|ARM.Build.0 = Release|Any CPU
		{0734F136-8A6E-4CC6-8851-F4974828A07A}.Release|x64.ActiveCfg = Release|Any CPU
		{0734F136-8A6E-4CC6-8851-F4974828A07A}.Release|x64.Build.0 = Release|Any CPU
		{0734F136-8A6E-4CC6-8851-F4974828A07A}.Release|x86.ActiveCfg = Release|Any CPU
		{0734F136-8A6E-4CC6-8851-F4974828A07A}.Release|x86.Build.0 = Release|Any CPU
		{9D07A65B-ADFB-44E4-89A1-AA0FF93979C4}.Debug|Any CPU.ActiveCfg = Debug|Any CPU
		{9D07A65B-ADFB-44E4-89A1-AA0FF93979C4}.Debug|Any CPU.Build.0 = Debug|Any CPU
		{9D07A65B-ADFB-44E4-89A1-AA0FF93979C4}.Debug|ARM.ActiveCfg = Debug|Any CPU
		{9D07A65B-ADFB-44E4-89A1-AA0FF93979C4}.Debug|ARM.Build.0 = Debug|Any CPU
		{9D07A65B-ADFB-44E4-89A1-AA0FF93979C4}.Debug|x64.ActiveCfg = Debug|Any CPU
		{9D07A65B-ADFB-44E4-89A1-AA0FF93979C4}.Debug|x64.Build.0 = Debug|Any CPU
		{9D07A65B-ADFB-44E4-89A1-AA0FF93979C4}.Debug|x86.ActiveCfg = Debug|Any CPU
		{9D07A65B-ADFB-44E4-89A1-AA0FF93979C4}.Debug|x86.Build.0 = Debug|Any CPU
		{9D07A65B-ADFB-44E4-89A1-AA0FF93979C4}.Release|Any CPU.ActiveCfg = Release|Any CPU
		{9D07A65B-ADFB-44E4-89A1-AA0FF93979C4}.Release|Any CPU.Build.0 = Release|Any CPU
		{9D07A65B-ADFB-44E4-89A1-AA0FF93979C4}.Release|ARM.ActiveCfg = Release|Any CPU
		{9D07A65B-ADFB-44E4-89A1-AA0FF93979C4}.Release|ARM.Build.0 = Release|Any CPU
		{9D07A65B-ADFB-44E4-89A1-AA0FF93979C4}.Release|x64.ActiveCfg = Release|Any CPU
		{9D07A65B-ADFB-44E4-89A1-AA0FF93979C4}.Release|x64.Build.0 = Release|Any CPU
		{9D07A65B-ADFB-44E4-89A1-AA0FF93979C4}.Release|x86.ActiveCfg = Release|Any CPU
		{9D07A65B-ADFB-44E4-89A1-AA0FF93979C4}.Release|x86.Build.0 = Release|Any CPU
		{91108009-E909-4FB0-8754-86A29E608917}.Debug|Any CPU.ActiveCfg = Debug|Any CPU
		{91108009-E909-4FB0-8754-86A29E608917}.Debug|Any CPU.Build.0 = Debug|Any CPU
		{91108009-E909-4FB0-8754-86A29E608917}.Debug|ARM.ActiveCfg = Debug|Any CPU
		{91108009-E909-4FB0-8754-86A29E608917}.Debug|ARM.Build.0 = Debug|Any CPU
		{91108009-E909-4FB0-8754-86A29E608917}.Debug|x64.ActiveCfg = Debug|Any CPU
		{91108009-E909-4FB0-8754-86A29E608917}.Debug|x64.Build.0 = Debug|Any CPU
		{91108009-E909-4FB0-8754-86A29E608917}.Debug|x86.ActiveCfg = Debug|Any CPU
		{91108009-E909-4FB0-8754-86A29E608917}.Debug|x86.Build.0 = Debug|Any CPU
		{91108009-E909-4FB0-8754-86A29E608917}.Release|Any CPU.ActiveCfg = Release|Any CPU
		{91108009-E909-4FB0-8754-86A29E608917}.Release|Any CPU.Build.0 = Release|Any CPU
		{91108009-E909-4FB0-8754-86A29E608917}.Release|ARM.ActiveCfg = Release|Any CPU
		{91108009-E909-4FB0-8754-86A29E608917}.Release|ARM.Build.0 = Release|Any CPU
		{91108009-E909-4FB0-8754-86A29E608917}.Release|x64.ActiveCfg = Release|Any CPU
		{91108009-E909-4FB0-8754-86A29E608917}.Release|x64.Build.0 = Release|Any CPU
		{91108009-E909-4FB0-8754-86A29E608917}.Release|x86.ActiveCfg = Release|Any CPU
		{91108009-E909-4FB0-8754-86A29E608917}.Release|x86.Build.0 = Release|Any CPU
		{E6A576C8-2B4B-420E-AC07-323B3E0690E4}.Debug|Any CPU.ActiveCfg = Debug|Any CPU
		{E6A576C8-2B4B-420E-AC07-323B3E0690E4}.Debug|ARM.ActiveCfg = Debug|Any CPU
		{E6A576C8-2B4B-420E-AC07-323B3E0690E4}.Debug|ARM.Build.0 = Debug|Any CPU
		{E6A576C8-2B4B-420E-AC07-323B3E0690E4}.Debug|x64.ActiveCfg = Debug|Any CPU
		{E6A576C8-2B4B-420E-AC07-323B3E0690E4}.Debug|x64.Build.0 = Debug|Any CPU
		{E6A576C8-2B4B-420E-AC07-323B3E0690E4}.Debug|x86.ActiveCfg = Debug|Any CPU
		{E6A576C8-2B4B-420E-AC07-323B3E0690E4}.Debug|x86.Build.0 = Debug|Any CPU
		{E6A576C8-2B4B-420E-AC07-323B3E0690E4}.Release|Any CPU.ActiveCfg = Release|Any CPU
		{E6A576C8-2B4B-420E-AC07-323B3E0690E4}.Release|Any CPU.Build.0 = Release|Any CPU
		{E6A576C8-2B4B-420E-AC07-323B3E0690E4}.Release|ARM.ActiveCfg = Release|Any CPU
		{E6A576C8-2B4B-420E-AC07-323B3E0690E4}.Release|ARM.Build.0 = Release|Any CPU
		{E6A576C8-2B4B-420E-AC07-323B3E0690E4}.Release|x64.ActiveCfg = Release|Any CPU
		{E6A576C8-2B4B-420E-AC07-323B3E0690E4}.Release|x64.Build.0 = Release|Any CPU
		{E6A576C8-2B4B-420E-AC07-323B3E0690E4}.Release|x86.ActiveCfg = Release|Any CPU
		{E6A576C8-2B4B-420E-AC07-323B3E0690E4}.Release|x86.Build.0 = Release|Any CPU
		{50DB65F9-1CB2-4B18-A802-425B690E7F5D}.Debug|Any CPU.ActiveCfg = Debug|Any CPU
		{50DB65F9-1CB2-4B18-A802-425B690E7F5D}.Debug|Any CPU.Build.0 = Debug|Any CPU
		{50DB65F9-1CB2-4B18-A802-425B690E7F5D}.Debug|ARM.ActiveCfg = Debug|Any CPU
		{50DB65F9-1CB2-4B18-A802-425B690E7F5D}.Debug|ARM.Build.0 = Debug|Any CPU
		{50DB65F9-1CB2-4B18-A802-425B690E7F5D}.Debug|x64.ActiveCfg = Debug|Any CPU
		{50DB65F9-1CB2-4B18-A802-425B690E7F5D}.Debug|x64.Build.0 = Debug|Any CPU
		{50DB65F9-1CB2-4B18-A802-425B690E7F5D}.Debug|x86.ActiveCfg = Debug|Any CPU
		{50DB65F9-1CB2-4B18-A802-425B690E7F5D}.Debug|x86.Build.0 = Debug|Any CPU
		{50DB65F9-1CB2-4B18-A802-425B690E7F5D}.Release|Any CPU.ActiveCfg = Release|Any CPU
		{50DB65F9-1CB2-4B18-A802-425B690E7F5D}.Release|Any CPU.Build.0 = Release|Any CPU
		{50DB65F9-1CB2-4B18-A802-425B690E7F5D}.Release|ARM.ActiveCfg = Release|Any CPU
		{50DB65F9-1CB2-4B18-A802-425B690E7F5D}.Release|ARM.Build.0 = Release|Any CPU
		{50DB65F9-1CB2-4B18-A802-425B690E7F5D}.Release|x64.ActiveCfg = Release|Any CPU
		{50DB65F9-1CB2-4B18-A802-425B690E7F5D}.Release|x64.Build.0 = Release|Any CPU
		{50DB65F9-1CB2-4B18-A802-425B690E7F5D}.Release|x86.ActiveCfg = Release|Any CPU
		{50DB65F9-1CB2-4B18-A802-425B690E7F5D}.Release|x86.Build.0 = Release|Any CPU
		{51E17963-631E-42FF-BF5E-A38AA3BBC712}.Debug|Any CPU.ActiveCfg = Debug|Any CPU
		{51E17963-631E-42FF-BF5E-A38AA3BBC712}.Debug|Any CPU.Build.0 = Debug|Any CPU
		{51E17963-631E-42FF-BF5E-A38AA3BBC712}.Debug|ARM.ActiveCfg = Debug|Any CPU
		{51E17963-631E-42FF-BF5E-A38AA3BBC712}.Debug|ARM.Build.0 = Debug|Any CPU
		{51E17963-631E-42FF-BF5E-A38AA3BBC712}.Debug|x64.ActiveCfg = Debug|Any CPU
		{51E17963-631E-42FF-BF5E-A38AA3BBC712}.Debug|x64.Build.0 = Debug|Any CPU
		{51E17963-631E-42FF-BF5E-A38AA3BBC712}.Debug|x86.ActiveCfg = Debug|Any CPU
		{51E17963-631E-42FF-BF5E-A38AA3BBC712}.Debug|x86.Build.0 = Debug|Any CPU
		{51E17963-631E-42FF-BF5E-A38AA3BBC712}.Release|Any CPU.ActiveCfg = Release|Any CPU
		{51E17963-631E-42FF-BF5E-A38AA3BBC712}.Release|Any CPU.Build.0 = Release|Any CPU
		{51E17963-631E-42FF-BF5E-A38AA3BBC712}.Release|ARM.ActiveCfg = Release|Any CPU
		{51E17963-631E-42FF-BF5E-A38AA3BBC712}.Release|ARM.Build.0 = Release|Any CPU
		{51E17963-631E-42FF-BF5E-A38AA3BBC712}.Release|x64.ActiveCfg = Release|Any CPU
		{51E17963-631E-42FF-BF5E-A38AA3BBC712}.Release|x64.Build.0 = Release|Any CPU
		{51E17963-631E-42FF-BF5E-A38AA3BBC712}.Release|x86.ActiveCfg = Release|Any CPU
		{51E17963-631E-42FF-BF5E-A38AA3BBC712}.Release|x86.Build.0 = Release|Any CPU
	EndGlobalSection
	GlobalSection(SolutionProperties) = preSolution
		HideSolutionNode = FALSE
	EndGlobalSection
	GlobalSection(NestedProjects) = preSolution
		{8D15D43C-278B-4365-B481-10AE64ADEEF2} = {AA5512FC-7821-4A9E-B865-BA020C519202}
		{C596755D-34CD-4873-8597-681C08686D29} = {AA5512FC-7821-4A9E-B865-BA020C519202}
		{0734F136-8A6E-4CC6-8851-F4974828A07A} = {94FCA8BD-C739-4DFB-AE24-2E6F21F62958}
		{9D07A65B-ADFB-44E4-89A1-AA0FF93979C4} = {94FCA8BD-C739-4DFB-AE24-2E6F21F62958}
		{91108009-E909-4FB0-8754-86A29E608917} = {FB821C96-EAE1-4E45-A78D-C7ED429E5509}
		{E6A576C8-2B4B-420E-AC07-323B3E0690E4} = {801868A8-61FC-41FB-93D3-E11DDB48D5C9}
		{50DB65F9-1CB2-4B18-A802-425B690E7F5D} = {AA5512FC-7821-4A9E-B865-BA020C519202}
		{51E17963-631E-42FF-BF5E-A38AA3BBC712} = {AA5512FC-7821-4A9E-B865-BA020C519202}
	EndGlobalSection
EndGlobal
