
Microsoft Visual Studio Solution File, Format Version 12.00
# Visual Studio 14
VisualStudioVersion = 14.0.25420.1
MinimumVisualStudioVersion = 10.0.40219.1
Project("{FAE04EC0-301F-11D3-BF4B-00C04F79EFBC}") = "AzureFunctionsForSharePoint.Common", "AzureFunctionsForSharePoint.Common.csproj", "{0734F136-8A6E-4CC6-8851-F4974828A07A}"
EndProject
Global
	GlobalSection(SolutionConfigurationPlatforms) = preSolution
		Debug|Any CPU = Debug|Any CPU
		Release|Any CPU = Release|Any CPU
	EndGlobalSection
	GlobalSection(ProjectConfigurationPlatforms) = postSolution
		{0734F136-8A6E-4CC6-8851-F4974828A07A}.Debug|Any CPU.ActiveCfg = Debug|Any CPU
		{0734F136-8A6E-4CC6-8851-F4974828A07A}.Debug|Any CPU.Build.0 = Debug|Any CPU
		{0734F136-8A6E-4CC6-8851-F4974828A07A}.Release|Any CPU.ActiveCfg = Release|Any CPU
		{0734F136-8A6E-4CC6-8851-F4974828A07A}.Release|Any CPU.Build.0 = Release|Any CPU
	EndGlobalSection
	GlobalSection(SolutionProperties) = preSolution
		HideSolutionNode = FALSE
	EndGlobalSection
EndGlobal
